
Microsoft Visual Studio Solution File, Format Version 12.00
# Visual Studio Version 17
VisualStudioVersion = 17.3.32825.248
MinimumVisualStudioVersion = 10.0.40219.1
Project("{9A19103F-16F7-4668-BE54-9A1E7A4F7556}") = "EmployeeTestApi", "EmployeeTestApi\EmployeeTestApi.csproj", "{584B19BC-3E9A-4B94-9750-4DC2D9B8A7AD}"
EndProject
Project("{FAE04EC0-301F-11D3-BF4B-00C04F79EFBC}") = "EmployeeTestApi.test", "EmployeeTestProject\EmployeeTestApi.test.csproj", "{4B2BD9AB-274D-4B39-8C16-27A08C8C41F9}"
EndProject
Global
	GlobalSection(SolutionConfigurationPlatforms) = preSolution
		Debug|Any CPU = Debug|Any CPU
		Release|Any CPU = Release|Any CPU
	EndGlobalSection
	GlobalSection(ProjectConfigurationPlatforms) = postSolution
		{584B19BC-3E9A-4B94-9750-4DC2D9B8A7AD}.Debug|Any CPU.ActiveCfg = Debug|Any CPU
		{584B19BC-3E9A-4B94-9750-4DC2D9B8A7AD}.Debug|Any CPU.Build.0 = Debug|Any CPU
		{584B19BC-3E9A-4B94-9750-4DC2D9B8A7AD}.Release|Any CPU.ActiveCfg = Release|Any CPU
		{584B19BC-3E9A-4B94-9750-4DC2D9B8A7AD}.Release|Any CPU.Build.0 = Release|Any CPU
		{4B2BD9AB-274D-4B39-8C16-27A08C8C41F9}.Debug|Any CPU.ActiveCfg = Debug|Any CPU
		{4B2BD9AB-274D-4B39-8C16-27A08C8C41F9}.Debug|Any CPU.Build.0 = Debug|Any CPU
		{4B2BD9AB-274D-4B39-8C16-27A08C8C41F9}.Release|Any CPU.ActiveCfg = Release|Any CPU
		{4B2BD9AB-274D-4B39-8C16-27A08C8C41F9}.Release|Any CPU.Build.0 = Release|Any CPU
	EndGlobalSection
	GlobalSection(SolutionProperties) = preSolution
		HideSolutionNode = FALSE
	EndGlobalSection
	GlobalSection(ExtensibilityGlobals) = postSolution
		SolutionGuid = {03529392-F7D1-46D5-B197-5B5CE34E14D9}
	EndGlobalSection
EndGlobal
